
Microsoft Visual Studio Solution File, Format Version 12.00
# Visual Studio Version 17
VisualStudioVersion = 17.5.33424.131
MinimumVisualStudioVersion = 10.0.40219.1
Project("{FAE04EC0-301F-11D3-BF4B-00C04F79EFBC}") = "Parcare", "Parcare\Parcare.csproj", "{20C5C880-B079-475C-90F8-201C0F898A8E}"
EndProject
Project("{FAE04EC0-301F-11D3-BF4B-00C04F79EFBC}") = "InterfataUtilizator_WindowsForms", "InterfataUtilizator_WindowsForms\InterfataUtilizator_WindowsForms.csproj", "{900C8B6D-6177-4959-9847-D5125C78ACD1}"
EndProject
Global
	GlobalSection(SolutionConfigurationPlatforms) = preSolution
		Debug|Any CPU = Debug|Any CPU
		Release|Any CPU = Release|Any CPU
	EndGlobalSection
	GlobalSection(ProjectConfigurationPlatforms) = postSolution
		{20C5C880-B079-475C-90F8-201C0F898A8E}.Debug|Any CPU.ActiveCfg = Debug|Any CPU
		{20C5C880-B079-475C-90F8-201C0F898A8E}.Debug|Any CPU.Build.0 = Debug|Any CPU
		{20C5C880-B079-475C-90F8-201C0F898A8E}.Release|Any CPU.ActiveCfg = Release|Any CPU
		{20C5C880-B079-475C-90F8-201C0F898A8E}.Release|Any CPU.Build.0 = Release|Any CPU
		{900C8B6D-6177-4959-9847-D5125C78ACD1}.Debug|Any CPU.ActiveCfg = Debug|Any CPU
		{900C8B6D-6177-4959-9847-D5125C78ACD1}.Debug|Any CPU.Build.0 = Debug|Any CPU
		{900C8B6D-6177-4959-9847-D5125C78ACD1}.Release|Any CPU.ActiveCfg = Release|Any CPU
		{900C8B6D-6177-4959-9847-D5125C78ACD1}.Release|Any CPU.Build.0 = Release|Any CPU
	EndGlobalSection
	GlobalSection(SolutionProperties) = preSolution
		HideSolutionNode = FALSE
	EndGlobalSection
	GlobalSection(ExtensibilityGlobals) = postSolution
		SolutionGuid = {B74F94DA-53C3-4276-BA56-05CDED0479E0}
	EndGlobalSection
EndGlobal
